
Microsoft Visual Studio Solution File, Format Version 12.00
# Visual Studio Version 17
VisualStudioVersion = 17.2.32526.322
MinimumVisualStudioVersion = 10.0.40219.1
Project("{FAE04EC0-301F-11D3-BF4B-00C04F79EFBC}") = "ImageResizer", "ImageResizer.csproj", "{4F4A79AE-295E-4635-AA8D-B05F5BCADFB2}"
EndProject
Global
	GlobalSection(SolutionConfigurationPlatforms) = preSolution
		Debug|Any CPU = Debug|Any CPU
		Release|Any CPU = Release|Any CPU
	EndGlobalSection
	GlobalSection(ProjectConfigurationPlatforms) = postSolution
		{4F4A79AE-295E-4635-AA8D-B05F5BCADFB2}.Debug|Any CPU.ActiveCfg = Debug|Any CPU
		{4F4A79AE-295E-4635-AA8D-B05F5BCADFB2}.Debug|Any CPU.Build.0 = Debug|Any CPU
		{4F4A79AE-295E-4635-AA8D-B05F5BCADFB2}.Release|Any CPU.ActiveCfg = Release|Any CPU
		{4F4A79AE-295E-4635-AA8D-B05F5BCADFB2}.Release|Any CPU.Build.0 = Release|Any CPU
	EndGlobalSection
	GlobalSection(SolutionProperties) = preSolution
		HideSolutionNode = FALSE
	EndGlobalSection
	GlobalSection(ExtensibilityGlobals) = postSolution
		SolutionGuid = {3E997EA0-A99D-4462-83DC-E4F997653842}
	EndGlobalSection
EndGlobal
